
Microsoft Visual Studio Solution File, Format Version 12.00
# Visual Studio 14
VisualStudioVersion = 14.0.25420.1
MinimumVisualStudioVersion = 10.0.40219.1
Project("{FAE04EC0-301F-11D3-BF4B-00C04F79EFBC}") = "Shop.UI", "Shop\Shop.UI.csproj", "{A5D06D81-CC7D-46B0-90DA-6673350EF4EA}"
EndProject
Project("{FAE04EC0-301F-11D3-BF4B-00C04F79EFBC}") = "Shop.BLL", "Loja.BLL\Shop.BLL.csproj", "{2AB3A5C6-1A56-4C67-956B-3C96FF9DABFC}"
EndProject
Project("{FAE04EC0-301F-11D3-BF4B-00C04F79EFBC}") = "Shop.DTO", "Loja.DTO\Shop.DTO.csproj", "{944DA611-8012-43D8-973E-C3653E187144}"
EndProject
Project("{FAE04EC0-301F-11D3-BF4B-00C04F79EFBC}") = "Shop.DAL", "Shop.DAL\Shop.DAL.csproj", "{724333C5-7949-40E1-A8AA-319292A90AFF}"
EndProject
Global
	GlobalSection(SolutionConfigurationPlatforms) = preSolution
		Debug|Any CPU = Debug|Any CPU
		Release|Any CPU = Release|Any CPU
	EndGlobalSection
	GlobalSection(ProjectConfigurationPlatforms) = postSolution
		{A5D06D81-CC7D-46B0-90DA-6673350EF4EA}.Debug|Any CPU.ActiveCfg = Debug|Any CPU
		{A5D06D81-CC7D-46B0-90DA-6673350EF4EA}.Debug|Any CPU.Build.0 = Debug|Any CPU
		{A5D06D81-CC7D-46B0-90DA-6673350EF4EA}.Release|Any CPU.ActiveCfg = Release|Any CPU
		{A5D06D81-CC7D-46B0-90DA-6673350EF4EA}.Release|Any CPU.Build.0 = Release|Any CPU
		{2AB3A5C6-1A56-4C67-956B-3C96FF9DABFC}.Debug|Any CPU.ActiveCfg = Debug|Any CPU
		{2AB3A5C6-1A56-4C67-956B-3C96FF9DABFC}.Debug|Any CPU.Build.0 = Debug|Any CPU
		{2AB3A5C6-1A56-4C67-956B-3C96FF9DABFC}.Release|Any CPU.ActiveCfg = Release|Any CPU
		{2AB3A5C6-1A56-4C67-956B-3C96FF9DABFC}.Release|Any CPU.Build.0 = Release|Any CPU
		{944DA611-8012-43D8-973E-C3653E187144}.Debug|Any CPU.ActiveCfg = Debug|Any CPU
		{944DA611-8012-43D8-973E-C3653E187144}.Debug|Any CPU.Build.0 = Debug|Any CPU
		{944DA611-8012-43D8-973E-C3653E187144}.Release|Any CPU.ActiveCfg = Release|Any CPU
		{944DA611-8012-43D8-973E-C3653E187144}.Release|Any CPU.Build.0 = Release|Any CPU
		{724333C5-7949-40E1-A8AA-319292A90AFF}.Debug|Any CPU.ActiveCfg = Debug|Any CPU
		{724333C5-7949-40E1-A8AA-319292A90AFF}.Debug|Any CPU.Build.0 = Debug|Any CPU
		{724333C5-7949-40E1-A8AA-319292A90AFF}.Release|Any CPU.ActiveCfg = Release|Any CPU
		{724333C5-7949-40E1-A8AA-319292A90AFF}.Release|Any CPU.Build.0 = Release|Any CPU
	EndGlobalSection
	GlobalSection(SolutionProperties) = preSolution
		HideSolutionNode = FALSE
	EndGlobalSection
EndGlobal
