
Microsoft Visual Studio Solution File, Format Version 12.00
# Visual Studio Express 14 for Windows Desktop
VisualStudioVersion = 14.0.24720.0
MinimumVisualStudioVersion = 10.0.40219.1
Project("{FAE04EC0-301F-11D3-BF4B-00C04F79EFBC}") = "HelloWorld_Console", "HelloWorld_Console\HelloWorld_Console.csproj", "{CCC86239-DB76-4869-8172-2F7208D6993A}"
EndProject
Global
	GlobalSection(SolutionConfigurationPlatforms) = preSolution
		Debug|Any CPU = Debug|Any CPU
		Release|Any CPU = Release|Any CPU
	EndGlobalSection
	GlobalSection(ProjectConfigurationPlatforms) = postSolution
		{CCC86239-DB76-4869-8172-2F7208D6993A}.Debug|Any CPU.ActiveCfg = Debug|Any CPU
		{CCC86239-DB76-4869-8172-2F7208D6993A}.Debug|Any CPU.Build.0 = Debug|Any CPU
		{CCC86239-DB76-4869-8172-2F7208D6993A}.Release|Any CPU.ActiveCfg = Release|Any CPU
		{CCC86239-DB76-4869-8172-2F7208D6993A}.Release|Any CPU.Build.0 = Release|Any CPU
	EndGlobalSection
	GlobalSection(SolutionProperties) = preSolution
		HideSolutionNode = FALSE
	EndGlobalSection
EndGlobal
